
Microsoft Visual Studio Solution File, Format Version 12.00
# Visual Studio Version 17
VisualStudioVersion = 17.9.34723.18
MinimumVisualStudioVersion = 10.0.40219.1
Project("{9A19103F-16F7-4668-BE54-9A1E7A4F7556}") = "ChessInConsole", "ChessInConsole.csproj", "{4177F434-208B-42BC-966D-4841B6D0129F}"
EndProject
Global
	GlobalSection(SolutionConfigurationPlatforms) = preSolution
		Debug|Any CPU = Debug|Any CPU
		Release|Any CPU = Release|Any CPU
	EndGlobalSection
	GlobalSection(ProjectConfigurationPlatforms) = postSolution
		{4177F434-208B-42BC-966D-4841B6D0129F}.Debug|Any CPU.ActiveCfg = Debug|Any CPU
		{4177F434-208B-42BC-966D-4841B6D0129F}.Debug|Any CPU.Build.0 = Debug|Any CPU
		{4177F434-208B-42BC-966D-4841B6D0129F}.Release|Any CPU.ActiveCfg = Release|Any CPU
		{4177F434-208B-42BC-966D-4841B6D0129F}.Release|Any CPU.Build.0 = Release|Any CPU
	EndGlobalSection
	GlobalSection(SolutionProperties) = preSolution
		HideSolutionNode = FALSE
	EndGlobalSection
	GlobalSection(ExtensibilityGlobals) = postSolution
		SolutionGuid = {C0DEBC72-1B9C-4395-82F1-F354F9E3F58D}
	EndGlobalSection
EndGlobal
